
Microsoft Visual Studio Solution File, Format Version 12.00
# Visual Studio 15
VisualStudioVersion = 15.0.27703.2042
MinimumVisualStudioVersion = 10.0.40219.1
Project("{FAE04EC0-301F-11D3-BF4B-00C04F79EFBC}") = "Education.DataAccessLayer", "Education.DataAccessLayer\Education.DataAccessLayer.csproj", "{139CAB61-3000-4241-8EEB-12779E2301EB}"
EndProject
Global
	GlobalSection(SolutionConfigurationPlatforms) = preSolution
		Debug|Any CPU = Debug|Any CPU
		Release|Any CPU = Release|Any CPU
	EndGlobalSection
	GlobalSection(ProjectConfigurationPlatforms) = postSolution
		{139CAB61-3000-4241-8EEB-12779E2301EB}.Debug|Any CPU.ActiveCfg = Debug|Any CPU
		{139CAB61-3000-4241-8EEB-12779E2301EB}.Debug|Any CPU.Build.0 = Debug|Any CPU
		{139CAB61-3000-4241-8EEB-12779E2301EB}.Release|Any CPU.ActiveCfg = Release|Any CPU
		{139CAB61-3000-4241-8EEB-12779E2301EB}.Release|Any CPU.Build.0 = Release|Any CPU
	EndGlobalSection
	GlobalSection(SolutionProperties) = preSolution
		HideSolutionNode = FALSE
	EndGlobalSection
	GlobalSection(ExtensibilityGlobals) = postSolution
		SolutionGuid = {EE61404E-99A4-49A4-865B-EE0A9E7CB51A}
	EndGlobalSection
EndGlobal
